
Microsoft Visual Studio Solution File, Format Version 12.00
# Visual Studio Version 17
VisualStudioVersion = 17.13.35716.79
MinimumVisualStudioVersion = 10.0.40219.1
Project("{FAE04EC0-301F-11D3-BF4B-00C04F79EFBC}") = "RevenueCat.MaciOS.Binding", "macios\RevenueCat.MaciOS.Binding\RevenueCat.MaciOS.Binding.csproj", "{2C381506-605F-46E6-B1A4-87C7C8776367}"
EndProject
Project("{FAE04EC0-301F-11D3-BF4B-00C04F79EFBC}") = "MauiSample", "sample\MauiSample.csproj", "{ADAD509E-FBF0-4794-B075-F9A4D81DF034}"
EndProject
Project("{FAE04EC0-301F-11D3-BF4B-00C04F79EFBC}") = "RevenueCat.Android.Binding", "android\RevenueCat.Android.Binding\RevenueCat.Android.Binding.csproj", "{21D2A719-B735-4F62-B907-DDD89D1D9EB6}"
EndProject
Project("{FAE04EC0-301F-11D3-BF4B-00C04F79EFBC}") = "Plugin.RevenueCat", "Plugin.RevenueCat\Plugin.RevenueCat.csproj", "{E8E324F4-0D02-4D3A-B997-606A26198321}"
EndProject
Project("{FAE04EC0-301F-11D3-BF4B-00C04F79EFBC}") = "Tests", "Tests\Tests.csproj", "{96C8DE3D-C04E-426D-BE2E-722280723B2F}"
EndProject
Project("{FAE04EC0-301F-11D3-BF4B-00C04F79EFBC}") = "Plugin.RevenueCat.Core", "Plugin.RevenueCat.Core\Plugin.RevenueCat.Core.csproj", "{9ACDB14B-42DF-450F-B2D1-F72233C6CBA5}"
EndProject
Project("{FAE04EC0-301F-11D3-BF4B-00C04F79EFBC}") = "Plugin.RevenueCat.Api", "Plugin.RevenueCat.Api\Plugin.RevenueCat.Api.csproj", "{8FE44CB9-526F-4F2D-B0F6-FE56CD4F7A00}"
EndProject
Project("{FAE04EC0-301F-11D3-BF4B-00C04F79EFBC}") = "Plugin.RevenueCat.UI", "Plugin.RevenueCat.UI\Plugin.RevenueCat.UI.csproj", "{1E0BEB36-BBC3-4B28-AED2-B6C3CC24CBC8}"
EndProject
Project("{2150E333-8FDC-42A3-9474-1A3956D46DE8}") = "android", "android", "{BF99073B-E2A2-3B6C-DD7F-8271E9BF10B9}"
EndProject
Project("{FAE04EC0-301F-11D3-BF4B-00C04F79EFBC}") = "RevenueCat.Android.UI.Binding", "android\RevenueCat.Android.UI.Binding\RevenueCat.Android.UI.Binding.csproj", "{07D88903-C5F2-4829-A8C7-A688E4974D4A}"
EndProject
Project("{2150E333-8FDC-42A3-9474-1A3956D46DE8}") = "macios", "macios", "{4BED1FCA-56BC-40EA-FCB7-44DAC3717E86}"
EndProject
Project("{FAE04EC0-301F-11D3-BF4B-00C04F79EFBC}") = "RevenueCat.MaciOS.UI.Binding", "macios\RevenueCat.MaciOS.UI.Binding\RevenueCat.MaciOS.UI.Binding.csproj", "{FCAE6A6F-0573-43E4-AB3A-519BF85059A6}"
EndProject
Global
	GlobalSection(SolutionConfigurationPlatforms) = preSolution
		Debug|Any CPU = Debug|Any CPU
		Debug|x64 = Debug|x64
		Debug|x86 = Debug|x86
		Release|Any CPU = Release|Any CPU
		Release|x64 = Release|x64
		Release|x86 = Release|x86
	EndGlobalSection
	GlobalSection(ProjectConfigurationPlatforms) = postSolution
		{2C381506-605F-46E6-B1A4-87C7C8776367}.Debug|Any CPU.ActiveCfg = Debug|Any CPU
		{2C381506-605F-46E6-B1A4-87C7C8776367}.Debug|Any CPU.Build.0 = Debug|Any CPU
		{2C381506-605F-46E6-B1A4-87C7C8776367}.Debug|x64.ActiveCfg = Debug|Any CPU
		{2C381506-605F-46E6-B1A4-87C7C8776367}.Debug|x64.Build.0 = Debug|Any CPU
		{2C381506-605F-46E6-B1A4-87C7C8776367}.Debug|x86.ActiveCfg = Debug|Any CPU
		{2C381506-605F-46E6-B1A4-87C7C8776367}.Debug|x86.Build.0 = Debug|Any CPU
		{2C381506-605F-46E6-B1A4-87C7C8776367}.Release|Any CPU.ActiveCfg = Release|Any CPU
		{2C381506-605F-46E6-B1A4-87C7C8776367}.Release|Any CPU.Build.0 = Release|Any CPU
		{2C381506-605F-46E6-B1A4-87C7C8776367}.Release|x64.ActiveCfg = Release|Any CPU
		{2C381506-605F-46E6-B1A4-87C7C8776367}.Release|x64.Build.0 = Release|Any CPU
		{2C381506-605F-46E6-B1A4-87C7C8776367}.Release|x86.ActiveCfg = Release|Any CPU
		{2C381506-605F-46E6-B1A4-87C7C8776367}.Release|x86.Build.0 = Release|Any CPU
		{ADAD509E-FBF0-4794-B075-F9A4D81DF034}.Debug|Any CPU.ActiveCfg = Debug|Any CPU
		{ADAD509E-FBF0-4794-B075-F9A4D81DF034}.Debug|Any CPU.Build.0 = Debug|Any CPU
		{ADAD509E-FBF0-4794-B075-F9A4D81DF034}.Debug|Any CPU.Deploy.0 = Debug|Any CPU
		{ADAD509E-FBF0-4794-B075-F9A4D81DF034}.Debug|x64.ActiveCfg = Debug|Any CPU
		{ADAD509E-FBF0-4794-B075-F9A4D81DF034}.Debug|x64.Build.0 = Debug|Any CPU
		{ADAD509E-FBF0-4794-B075-F9A4D81DF034}.Debug|x86.ActiveCfg = Debug|Any CPU
		{ADAD509E-FBF0-4794-B075-F9A4D81DF034}.Debug|x86.Build.0 = Debug|Any CPU
		{ADAD509E-FBF0-4794-B075-F9A4D81DF034}.Release|Any CPU.ActiveCfg = Release|Any CPU
		{ADAD509E-FBF0-4794-B075-F9A4D81DF034}.Release|Any CPU.Build.0 = Release|Any CPU
		{ADAD509E-FBF0-4794-B075-F9A4D81DF034}.Release|x64.ActiveCfg = Release|Any CPU
		{ADAD509E-FBF0-4794-B075-F9A4D81DF034}.Release|x64.Build.0 = Release|Any CPU
		{ADAD509E-FBF0-4794-B075-F9A4D81DF034}.Release|x86.ActiveCfg = Release|Any CPU
		{ADAD509E-FBF0-4794-B075-F9A4D81DF034}.Release|x86.Build.0 = Release|Any CPU
		{21D2A719-B735-4F62-B907-DDD89D1D9EB6}.Debug|Any CPU.ActiveCfg = Debug|Any CPU
		{21D2A719-B735-4F62-B907-DDD89D1D9EB6}.Debug|Any CPU.Build.0 = Debug|Any CPU
		{21D2A719-B735-4F62-B907-DDD89D1D9EB6}.Debug|x64.ActiveCfg = Debug|Any CPU
		{21D2A719-B735-4F62-B907-DDD89D1D9EB6}.Debug|x64.Build.0 = Debug|Any CPU
		{21D2A719-B735-4F62-B907-DDD89D1D9EB6}.Debug|x86.ActiveCfg = Debug|Any CPU
		{21D2A719-B735-4F62-B907-DDD89D1D9EB6}.Debug|x86.Build.0 = Debug|Any CPU
		{21D2A719-B735-4F62-B907-DDD89D1D9EB6}.Release|Any CPU.ActiveCfg = Release|Any CPU
		{21D2A719-B735-4F62-B907-DDD89D1D9EB6}.Release|Any CPU.Build.0 = Release|Any CPU
		{21D2A719-B735-4F62-B907-DDD89D1D9EB6}.Release|x64.ActiveCfg = Release|Any CPU
		{21D2A719-B735-4F62-B907-DDD89D1D9EB6}.Release|x64.Build.0 = Release|Any CPU
		{21D2A719-B735-4F62-B907-DDD89D1D9EB6}.Release|x86.ActiveCfg = Release|Any CPU
		{21D2A719-B735-4F62-B907-DDD89D1D9EB6}.Release|x86.Build.0 = Release|Any CPU
		{E8E324F4-0D02-4D3A-B997-606A26198321}.Debug|Any CPU.ActiveCfg = Debug|Any CPU
		{E8E324F4-0D02-4D3A-B997-606A26198321}.Debug|Any CPU.Build.0 = Debug|Any CPU
		{E8E324F4-0D02-4D3A-B997-606A26198321}.Debug|x64.ActiveCfg = Debug|Any CPU
		{E8E324F4-0D02-4D3A-B997-606A26198321}.Debug|x64.Build.0 = Debug|Any CPU
		{E8E324F4-0D02-4D3A-B997-606A26198321}.Debug|x86.ActiveCfg = Debug|Any CPU
		{E8E324F4-0D02-4D3A-B997-606A26198321}.Debug|x86.Build.0 = Debug|Any CPU
		{E8E324F4-0D02-4D3A-B997-606A26198321}.Release|Any CPU.ActiveCfg = Release|Any CPU
		{E8E324F4-0D02-4D3A-B997-606A26198321}.Release|Any CPU.Build.0 = Release|Any CPU
		{E8E324F4-0D02-4D3A-B997-606A26198321}.Release|x64.ActiveCfg = Release|Any CPU
		{E8E324F4-0D02-4D3A-B997-606A26198321}.Release|x64.Build.0 = Release|Any CPU
		{E8E324F4-0D02-4D3A-B997-606A26198321}.Release|x86.ActiveCfg = Release|Any CPU
		{E8E324F4-0D02-4D3A-B997-606A26198321}.Release|x86.Build.0 = Release|Any CPU
		{96C8DE3D-C04E-426D-BE2E-722280723B2F}.Debug|Any CPU.ActiveCfg = Debug|Any CPU
		{96C8DE3D-C04E-426D-BE2E-722280723B2F}.Debug|Any CPU.Build.0 = Debug|Any CPU
		{96C8DE3D-C04E-426D-BE2E-722280723B2F}.Debug|x64.ActiveCfg = Debug|Any CPU
		{96C8DE3D-C04E-426D-BE2E-722280723B2F}.Debug|x64.Build.0 = Debug|Any CPU
		{96C8DE3D-C04E-426D-BE2E-722280723B2F}.Debug|x86.ActiveCfg = Debug|Any CPU
		{96C8DE3D-C04E-426D-BE2E-722280723B2F}.Debug|x86.Build.0 = Debug|Any CPU
		{96C8DE3D-C04E-426D-BE2E-722280723B2F}.Release|Any CPU.ActiveCfg = Release|Any CPU
		{96C8DE3D-C04E-426D-BE2E-722280723B2F}.Release|Any CPU.Build.0 = Release|Any CPU
		{96C8DE3D-C04E-426D-BE2E-722280723B2F}.Release|x64.ActiveCfg = Release|Any CPU
		{96C8DE3D-C04E-426D-BE2E-722280723B2F}.Release|x64.Build.0 = Release|Any CPU
		{96C8DE3D-C04E-426D-BE2E-722280723B2F}.Release|x86.ActiveCfg = Release|Any CPU
		{96C8DE3D-C04E-426D-BE2E-722280723B2F}.Release|x86.Build.0 = Release|Any CPU
		{9ACDB14B-42DF-450F-B2D1-F72233C6CBA5}.Debug|Any CPU.ActiveCfg = Debug|Any CPU
		{9ACDB14B-42DF-450F-B2D1-F72233C6CBA5}.Debug|Any CPU.Build.0 = Debug|Any CPU
		{9ACDB14B-42DF-450F-B2D1-F72233C6CBA5}.Debug|x64.ActiveCfg = Debug|Any CPU
		{9ACDB14B-42DF-450F-B2D1-F72233C6CBA5}.Debug|x64.Build.0 = Debug|Any CPU
		{9ACDB14B-42DF-450F-B2D1-F72233C6CBA5}.Debug|x86.ActiveCfg = Debug|Any CPU
		{9ACDB14B-42DF-450F-B2D1-F72233C6CBA5}.Debug|x86.Build.0 = Debug|Any CPU
		{9ACDB14B-42DF-450F-B2D1-F72233C6CBA5}.Release|Any CPU.ActiveCfg = Release|Any CPU
		{9ACDB14B-42DF-450F-B2D1-F72233C6CBA5}.Release|Any CPU.Build.0 = Release|Any CPU
		{9ACDB14B-42DF-450F-B2D1-F72233C6CBA5}.Release|x64.ActiveCfg = Release|Any CPU
		{9ACDB14B-42DF-450F-B2D1-F72233C6CBA5}.Release|x64.Build.0 = Release|Any CPU
		{9ACDB14B-42DF-450F-B2D1-F72233C6CBA5}.Release|x86.ActiveCfg = Release|Any CPU
		{9ACDB14B-42DF-450F-B2D1-F72233C6CBA5}.Release|x86.Build.0 = Release|Any CPU
		{8FE44CB9-526F-4F2D-B0F6-FE56CD4F7A00}.Debug|Any CPU.ActiveCfg = Debug|Any CPU
		{8FE44CB9-526F-4F2D-B0F6-FE56CD4F7A00}.Debug|Any CPU.Build.0 = Debug|Any CPU
		{8FE44CB9-526F-4F2D-B0F6-FE56CD4F7A00}.Debug|x64.ActiveCfg = Debug|Any CPU
		{8FE44CB9-526F-4F2D-B0F6-FE56CD4F7A00}.Debug|x64.Build.0 = Debug|Any CPU
		{8FE44CB9-526F-4F2D-B0F6-FE56CD4F7A00}.Debug|x86.ActiveCfg = Debug|Any CPU
		{8FE44CB9-526F-4F2D-B0F6-FE56CD4F7A00}.Debug|x86.Build.0 = Debug|Any CPU
		{8FE44CB9-526F-4F2D-B0F6-FE56CD4F7A00}.Release|Any CPU.ActiveCfg = Release|Any CPU
		{8FE44CB9-526F-4F2D-B0F6-FE56CD4F7A00}.Release|Any CPU.Build.0 = Release|Any CPU
		{8FE44CB9-526F-4F2D-B0F6-FE56CD4F7A00}.Release|x64.ActiveCfg = Release|Any CPU
		{8FE44CB9-526F-4F2D-B0F6-FE56CD4F7A00}.Release|x64.Build.0 = Release|Any CPU
		{8FE44CB9-526F-4F2D-B0F6-FE56CD4F7A00}.Release|x86.ActiveCfg = Release|Any CPU
		{8FE44CB9-526F-4F2D-B0F6-FE56CD4F7A00}.Release|x86.Build.0 = Release|Any CPU
		{1E0BEB36-BBC3-4B28-AED2-B6C3CC24CBC8}.Debug|Any CPU.ActiveCfg = Debug|Any CPU
		{1E0BEB36-BBC3-4B28-AED2-B6C3CC24CBC8}.Debug|Any CPU.Build.0 = Debug|Any CPU
		{1E0BEB36-BBC3-4B28-AED2-B6C3CC24CBC8}.Debug|x64.ActiveCfg = Debug|Any CPU
		{1E0BEB36-BBC3-4B28-AED2-B6C3CC24CBC8}.Debug|x64.Build.0 = Debug|Any CPU
		{1E0BEB36-BBC3-4B28-AED2-B6C3CC24CBC8}.Debug|x86.ActiveCfg = Debug|Any CPU
		{1E0BEB36-BBC3-4B28-AED2-B6C3CC24CBC8}.Debug|x86.Build.0 = Debug|Any CPU
		{1E0BEB36-BBC3-4B28-AED2-B6C3CC24CBC8}.Release|Any CPU.ActiveCfg = Release|Any CPU
		{1E0BEB36-BBC3-4B28-AED2-B6C3CC24CBC8}.Release|Any CPU.Build.0 = Release|Any CPU
		{1E0BEB36-BBC3-4B28-AED2-B6C3CC24CBC8}.Release|x64.ActiveCfg = Release|Any CPU
		{1E0BEB36-BBC3-4B28-AED2-B6C3CC24CBC8}.Release|x64.Build.0 = Release|Any CPU
		{1E0BEB36-BBC3-4B28-AED2-B6C3CC24CBC8}.Release|x86.ActiveCfg = Release|Any CPU
		{1E0BEB36-BBC3-4B28-AED2-B6C3CC24CBC8}.Release|x86.Build.0 = Release|Any CPU
		{07D88903-C5F2-4829-A8C7-A688E4974D4A}.Debug|Any CPU.ActiveCfg = Debug|Any CPU
		{07D88903-C5F2-4829-A8C7-A688E4974D4A}.Debug|Any CPU.Build.0 = Debug|Any CPU
		{07D88903-C5F2-4829-A8C7-A688E4974D4A}.Debug|x64.ActiveCfg = Debug|Any CPU
		{07D88903-C5F2-4829-A8C7-A688E4974D4A}.Debug|x64.Build.0 = Debug|Any CPU
		{07D88903-C5F2-4829-A8C7-A688E4974D4A}.Debug|x86.ActiveCfg = Debug|Any CPU
		{07D88903-C5F2-4829-A8C7-A688E4974D4A}.Debug|x86.Build.0 = Debug|Any CPU
		{07D88903-C5F2-4829-A8C7-A688E4974D4A}.Release|Any CPU.ActiveCfg = Release|Any CPU
		{07D88903-C5F2-4829-A8C7-A688E4974D4A}.Release|Any CPU.Build.0 = Release|Any CPU
		{07D88903-C5F2-4829-A8C7-A688E4974D4A}.Release|x64.ActiveCfg = Release|Any CPU
		{07D88903-C5F2-4829-A8C7-A688E4974D4A}.Release|x64.Build.0 = Release|Any CPU
		{07D88903-C5F2-4829-A8C7-A688E4974D4A}.Release|x86.ActiveCfg = Release|Any CPU
		{07D88903-C5F2-4829-A8C7-A688E4974D4A}.Release|x86.Build.0 = Release|Any CPU
		{FCAE6A6F-0573-43E4-AB3A-519BF85059A6}.Debug|Any CPU.ActiveCfg = Debug|Any CPU
		{FCAE6A6F-0573-43E4-AB3A-519BF85059A6}.Debug|Any CPU.Build.0 = Debug|Any CPU
		{FCAE6A6F-0573-43E4-AB3A-519BF85059A6}.Debug|x64.ActiveCfg = Debug|Any CPU
		{FCAE6A6F-0573-43E4-AB3A-519BF85059A6}.Debug|x64.Build.0 = Debug|Any CPU
		{FCAE6A6F-0573-43E4-AB3A-519BF85059A6}.Debug|x86.ActiveCfg = Debug|Any CPU
		{FCAE6A6F-0573-43E4-AB3A-519BF85059A6}.Debug|x86.Build.0 = Debug|Any CPU
		{FCAE6A6F-0573-43E4-AB3A-519BF85059A6}.Release|Any CPU.ActiveCfg = Release|Any CPU
		{FCAE6A6F-0573-43E4-AB3A-519BF85059A6}.Release|Any CPU.Build.0 = Release|Any CPU
		{FCAE6A6F-0573-43E4-AB3A-519BF85059A6}.Release|x64.ActiveCfg = Release|Any CPU
		{FCAE6A6F-0573-43E4-AB3A-519BF85059A6}.Release|x64.Build.0 = Release|Any CPU
		{FCAE6A6F-0573-43E4-AB3A-519BF85059A6}.Release|x86.ActiveCfg = Release|Any CPU
		{FCAE6A6F-0573-43E4-AB3A-519BF85059A6}.Release|x86.Build.0 = Release|Any CPU
	EndGlobalSection
	GlobalSection(SolutionProperties) = preSolution
		HideSolutionNode = FALSE
	EndGlobalSection
	GlobalSection(NestedProjects) = preSolution
		{07D88903-C5F2-4829-A8C7-A688E4974D4A} = {BF99073B-E2A2-3B6C-DD7F-8271E9BF10B9}
		{FCAE6A6F-0573-43E4-AB3A-519BF85059A6} = {4BED1FCA-56BC-40EA-FCB7-44DAC3717E86}
	EndGlobalSection
	GlobalSection(ExtensibilityGlobals) = postSolution
		SolutionGuid = {9C0022B9-70F5-4410-8025-3886C897E16F}
	EndGlobalSection
EndGlobal
